
Microsoft Visual Studio Solution File, Format Version 12.00
# Visual Studio Version 17
VisualStudioVersion = 17.3.32804.467
MinimumVisualStudioVersion = 10.0.40219.1
Project("{9A19103F-16F7-4668-BE54-9A1E7A4F7556}") = "GrpcServer", "GrpcServer\GrpcServer.csproj", "{9242D567-3B4D-491F-B84C-74A2A2B222FB}"
EndProject
Project("{9A19103F-16F7-4668-BE54-9A1E7A4F7556}") = "GrpcClient", "GrpcClient\GrpcClient.csproj", "{E0893084-C877-486B-9FB9-D2501962BA1A}"
EndProject
Global
	GlobalSection(SolutionConfigurationPlatforms) = preSolution
		Debug|Any CPU = Debug|Any CPU
		Release|Any CPU = Release|Any CPU
	EndGlobalSection
	GlobalSection(ProjectConfigurationPlatforms) = postSolution
		{9242D567-3B4D-491F-B84C-74A2A2B222FB}.Debug|Any CPU.ActiveCfg = Debug|Any CPU
		{9242D567-3B4D-491F-B84C-74A2A2B222FB}.Debug|Any CPU.Build.0 = Debug|Any CPU
		{9242D567-3B4D-491F-B84C-74A2A2B222FB}.Release|Any CPU.ActiveCfg = Release|Any CPU
		{9242D567-3B4D-491F-B84C-74A2A2B222FB}.Release|Any CPU.Build.0 = Release|Any CPU
		{E0893084-C877-486B-9FB9-D2501962BA1A}.Debug|Any CPU.ActiveCfg = Debug|Any CPU
		{E0893084-C877-486B-9FB9-D2501962BA1A}.Debug|Any CPU.Build.0 = Debug|Any CPU
		{E0893084-C877-486B-9FB9-D2501962BA1A}.Release|Any CPU.ActiveCfg = Release|Any CPU
		{E0893084-C877-486B-9FB9-D2501962BA1A}.Release|Any CPU.Build.0 = Release|Any CPU
	EndGlobalSection
	GlobalSection(SolutionProperties) = preSolution
		HideSolutionNode = FALSE
	EndGlobalSection
	GlobalSection(ExtensibilityGlobals) = postSolution
		SolutionGuid = {D8EC618A-B3BA-424F-9ED2-F886B9DA01EF}
	EndGlobalSection
EndGlobal
